
Microsoft Visual Studio Solution File, Format Version 12.00
# Visual Studio Version 16
VisualStudioVersion = 16.0.29411.138
MinimumVisualStudioVersion = 10.0.40219.1
Project("{2150E333-8FDC-42A3-9474-1A3956D46DE8}") = "src", "src", "{E7C9844C-2852-407F-99B5-9D1CF0E30707}"
EndProject
Project("{2150E333-8FDC-42A3-9474-1A3956D46DE8}") = "tests", "tests", "{8C228A9C-2514-4111-A286-430BB30E04CB}"
EndProject
Project("{2150E333-8FDC-42A3-9474-1A3956D46DE8}") = "Solution Items", "Solution Items", "{28C1B7BA-F74A-4042-88EE-72271856EBA3}"
EndProject
Project("{9A19103F-16F7-4668-BE54-9A1E7A4F7556}") = "MyBlog.Api", "src\MyBlog.Api\MyBlog.Api.csproj", "{1D42704F-EADE-4FF5-9883-CD5DBCA653EA}"
EndProject
Project("{9A19103F-16F7-4668-BE54-9A1E7A4F7556}") = "MyBlog.Core", "src\MyBlog.Core\MyBlog.Core.csproj", "{A6E0833E-FF36-43FC-BE19-F3F1A33F817F}"
EndProject
Project("{9A19103F-16F7-4668-BE54-9A1E7A4F7556}") = "MyBlog.Infrastructure", "src\MyBlog.Infrastructure\MyBlog.Infrastructure.csproj", "{3CD4B9C7-31C2-4D5D-9A1A-CEE52305F52C}"
EndProject
Project("{2150E333-8FDC-42A3-9474-1A3956D46DE8}") = "Common", "Common", "{12500B38-A701-417D-84C1-49F0F88385AB}"
EndProject
Project("{2150E333-8FDC-42A3-9474-1A3956D46DE8}") = "Web", "Web", "{07C0B943-B48A-40A5-8D9F-470834051080}"
EndProject
Project("{2150E333-8FDC-42A3-9474-1A3956D46DE8}") = "Repositories", "Repositories", "{6947A58B-F78D-42F2-B0DC-CA27B859CFD0}"
EndProject
Project("{2150E333-8FDC-42A3-9474-1A3956D46DE8}") = "Models", "Models", "{99A3AB28-74B7-41AE-AF3F-86CF4E616697}"
EndProject
Project("{9A19103F-16F7-4668-BE54-9A1E7A4F7556}") = "Configuration", "src\Configuration\Configuration.csproj", "{16ABAA51-504B-43EF-8E91-C84303524C50}"
EndProject
Project("{9A19103F-16F7-4668-BE54-9A1E7A4F7556}") = "Mapping", "src\Mapping\Mapping.csproj", "{6C94D245-4525-44CC-BFEF-10F5778A7CEF}"
EndProject
Project("{9A19103F-16F7-4668-BE54-9A1E7A4F7556}") = "MyBlog.App", "src\MyBlog.App\MyBlog.App.csproj", "{422B8276-A75F-452C-8E06-78BAAFACA44A}"
EndProject
Project("{9A19103F-16F7-4668-BE54-9A1E7A4F7556}") = "ServicesModel", "src\ServicesModel\ServicesModel.csproj", "{3E5D78FD-5A7B-49FB-8142-F0185069F649}"
EndProject
Project("{9A19103F-16F7-4668-BE54-9A1E7A4F7556}") = "ViewModel", "src\ViewModel\ViewModel.csproj", "{FA21BDDD-1AD7-4916-8FE1-0084BA76FF71}"
EndProject
Project("{2150E333-8FDC-42A3-9474-1A3956D46DE8}") = "lib", "lib", "{D449F83F-9FDE-4986-9B04-8161F5BAE55D}"
	ProjectSection(SolutionItems) = preProject
		..\..\..\..\设计模式\MVC\CoreMvcDemo\CoreMvcEds\lib\Kendo.Mvc.dll = ..\..\..\..\设计模式\MVC\CoreMvcDemo\CoreMvcEds\lib\Kendo.Mvc.dll
	EndProjectSection
EndProject
Project("{9A19103F-16F7-4668-BE54-9A1E7A4F7556}") = "DbModel", "src\DbModel\DbModel.csproj", "{F0E9A665-1EEE-409E-BA3E-057604A69C67}"
EndProject
Project("{9A19103F-16F7-4668-BE54-9A1E7A4F7556}") = "Repository", "src\Repository\Repository.csproj", "{C6C146A4-D827-4662-91DE-AF73CE81855F}"
EndProject
Global
	GlobalSection(SolutionConfigurationPlatforms) = preSolution
		Debug|Any CPU = Debug|Any CPU
		Release|Any CPU = Release|Any CPU
	EndGlobalSection
	GlobalSection(ProjectConfigurationPlatforms) = postSolution
		{1D42704F-EADE-4FF5-9883-CD5DBCA653EA}.Debug|Any CPU.ActiveCfg = Debug|Any CPU
		{1D42704F-EADE-4FF5-9883-CD5DBCA653EA}.Debug|Any CPU.Build.0 = Debug|Any CPU
		{1D42704F-EADE-4FF5-9883-CD5DBCA653EA}.Release|Any CPU.ActiveCfg = Release|Any CPU
		{1D42704F-EADE-4FF5-9883-CD5DBCA653EA}.Release|Any CPU.Build.0 = Release|Any CPU
		{A6E0833E-FF36-43FC-BE19-F3F1A33F817F}.Debug|Any CPU.ActiveCfg = Debug|Any CPU
		{A6E0833E-FF36-43FC-BE19-F3F1A33F817F}.Debug|Any CPU.Build.0 = Debug|Any CPU
		{A6E0833E-FF36-43FC-BE19-F3F1A33F817F}.Release|Any CPU.ActiveCfg = Release|Any CPU
		{A6E0833E-FF36-43FC-BE19-F3F1A33F817F}.Release|Any CPU.Build.0 = Release|Any CPU
		{3CD4B9C7-31C2-4D5D-9A1A-CEE52305F52C}.Debug|Any CPU.ActiveCfg = Debug|Any CPU
		{3CD4B9C7-31C2-4D5D-9A1A-CEE52305F52C}.Debug|Any CPU.Build.0 = Debug|Any CPU
		{3CD4B9C7-31C2-4D5D-9A1A-CEE52305F52C}.Release|Any CPU.ActiveCfg = Release|Any CPU
		{3CD4B9C7-31C2-4D5D-9A1A-CEE52305F52C}.Release|Any CPU.Build.0 = Release|Any CPU
		{16ABAA51-504B-43EF-8E91-C84303524C50}.Debug|Any CPU.ActiveCfg = Debug|Any CPU
		{16ABAA51-504B-43EF-8E91-C84303524C50}.Debug|Any CPU.Build.0 = Debug|Any CPU
		{16ABAA51-504B-43EF-8E91-C84303524C50}.Release|Any CPU.ActiveCfg = Release|Any CPU
		{16ABAA51-504B-43EF-8E91-C84303524C50}.Release|Any CPU.Build.0 = Release|Any CPU
		{6C94D245-4525-44CC-BFEF-10F5778A7CEF}.Debug|Any CPU.ActiveCfg = Debug|Any CPU
		{6C94D245-4525-44CC-BFEF-10F5778A7CEF}.Debug|Any CPU.Build.0 = Debug|Any CPU
		{6C94D245-4525-44CC-BFEF-10F5778A7CEF}.Release|Any CPU.ActiveCfg = Release|Any CPU
		{6C94D245-4525-44CC-BFEF-10F5778A7CEF}.Release|Any CPU.Build.0 = Release|Any CPU
		{422B8276-A75F-452C-8E06-78BAAFACA44A}.Debug|Any CPU.ActiveCfg = Debug|Any CPU
		{422B8276-A75F-452C-8E06-78BAAFACA44A}.Debug|Any CPU.Build.0 = Debug|Any CPU
		{422B8276-A75F-452C-8E06-78BAAFACA44A}.Release|Any CPU.ActiveCfg = Release|Any CPU
		{422B8276-A75F-452C-8E06-78BAAFACA44A}.Release|Any CPU.Build.0 = Release|Any CPU
		{3E5D78FD-5A7B-49FB-8142-F0185069F649}.Debug|Any CPU.ActiveCfg = Debug|Any CPU
		{3E5D78FD-5A7B-49FB-8142-F0185069F649}.Debug|Any CPU.Build.0 = Debug|Any CPU
		{3E5D78FD-5A7B-49FB-8142-F0185069F649}.Release|Any CPU.ActiveCfg = Release|Any CPU
		{3E5D78FD-5A7B-49FB-8142-F0185069F649}.Release|Any CPU.Build.0 = Release|Any CPU
		{FA21BDDD-1AD7-4916-8FE1-0084BA76FF71}.Debug|Any CPU.ActiveCfg = Debug|Any CPU
		{FA21BDDD-1AD7-4916-8FE1-0084BA76FF71}.Debug|Any CPU.Build.0 = Debug|Any CPU
		{FA21BDDD-1AD7-4916-8FE1-0084BA76FF71}.Release|Any CPU.ActiveCfg = Release|Any CPU
		{FA21BDDD-1AD7-4916-8FE1-0084BA76FF71}.Release|Any CPU.Build.0 = Release|Any CPU
		{F0E9A665-1EEE-409E-BA3E-057604A69C67}.Debug|Any CPU.ActiveCfg = Debug|Any CPU
		{F0E9A665-1EEE-409E-BA3E-057604A69C67}.Debug|Any CPU.Build.0 = Debug|Any CPU
		{F0E9A665-1EEE-409E-BA3E-057604A69C67}.Release|Any CPU.ActiveCfg = Release|Any CPU
		{F0E9A665-1EEE-409E-BA3E-057604A69C67}.Release|Any CPU.Build.0 = Release|Any CPU
		{C6C146A4-D827-4662-91DE-AF73CE81855F}.Debug|Any CPU.ActiveCfg = Debug|Any CPU
		{C6C146A4-D827-4662-91DE-AF73CE81855F}.Debug|Any CPU.Build.0 = Debug|Any CPU
		{C6C146A4-D827-4662-91DE-AF73CE81855F}.Release|Any CPU.ActiveCfg = Release|Any CPU
		{C6C146A4-D827-4662-91DE-AF73CE81855F}.Release|Any CPU.Build.0 = Release|Any CPU
	EndGlobalSection
	GlobalSection(SolutionProperties) = preSolution
		HideSolutionNode = FALSE
	EndGlobalSection
	GlobalSection(NestedProjects) = preSolution
		{1D42704F-EADE-4FF5-9883-CD5DBCA653EA} = {E7C9844C-2852-407F-99B5-9D1CF0E30707}
		{A6E0833E-FF36-43FC-BE19-F3F1A33F817F} = {E7C9844C-2852-407F-99B5-9D1CF0E30707}
		{3CD4B9C7-31C2-4D5D-9A1A-CEE52305F52C} = {12500B38-A701-417D-84C1-49F0F88385AB}
		{12500B38-A701-417D-84C1-49F0F88385AB} = {E7C9844C-2852-407F-99B5-9D1CF0E30707}
		{07C0B943-B48A-40A5-8D9F-470834051080} = {E7C9844C-2852-407F-99B5-9D1CF0E30707}
		{6947A58B-F78D-42F2-B0DC-CA27B859CFD0} = {E7C9844C-2852-407F-99B5-9D1CF0E30707}
		{99A3AB28-74B7-41AE-AF3F-86CF4E616697} = {E7C9844C-2852-407F-99B5-9D1CF0E30707}
		{16ABAA51-504B-43EF-8E91-C84303524C50} = {12500B38-A701-417D-84C1-49F0F88385AB}
		{6C94D245-4525-44CC-BFEF-10F5778A7CEF} = {99A3AB28-74B7-41AE-AF3F-86CF4E616697}
		{422B8276-A75F-452C-8E06-78BAAFACA44A} = {07C0B943-B48A-40A5-8D9F-470834051080}
		{3E5D78FD-5A7B-49FB-8142-F0185069F649} = {99A3AB28-74B7-41AE-AF3F-86CF4E616697}
		{FA21BDDD-1AD7-4916-8FE1-0084BA76FF71} = {99A3AB28-74B7-41AE-AF3F-86CF4E616697}
		{D449F83F-9FDE-4986-9B04-8161F5BAE55D} = {28C1B7BA-F74A-4042-88EE-72271856EBA3}
		{F0E9A665-1EEE-409E-BA3E-057604A69C67} = {99A3AB28-74B7-41AE-AF3F-86CF4E616697}
		{C6C146A4-D827-4662-91DE-AF73CE81855F} = {6947A58B-F78D-42F2-B0DC-CA27B859CFD0}
	EndGlobalSection
	GlobalSection(ExtensibilityGlobals) = postSolution
		SolutionGuid = {671A071C-3A5B-476A-8E21-6791CB079AA2}
	EndGlobalSection
EndGlobal
